
Microsoft Visual Studio Solution File, Format Version 12.00
# Visual Studio Version 17
VisualStudioVersion = 17.8.34601.278
MinimumVisualStudioVersion = 10.0.40219.1
Project("{FAE04EC0-301F-11D3-BF4B-00C04F79EFBC}") = "MentorApp", "MentorApp\MentorApp.csproj", "{EB1D92F2-6FE7-4F36-BB4F-50C00079B8EE}"
EndProject
Global
	GlobalSection(SolutionConfigurationPlatforms) = preSolution
		Debug|Any CPU = Debug|Any CPU
		Release|Any CPU = Release|Any CPU
	EndGlobalSection
	GlobalSection(ProjectConfigurationPlatforms) = postSolution
		{EB1D92F2-6FE7-4F36-BB4F-50C00079B8EE}.Debug|Any CPU.ActiveCfg = Debug|Any CPU
		{EB1D92F2-6FE7-4F36-BB4F-50C00079B8EE}.Debug|Any CPU.Build.0 = Debug|Any CPU
		{EB1D92F2-6FE7-4F36-BB4F-50C00079B8EE}.Release|Any CPU.ActiveCfg = Release|Any CPU
		{EB1D92F2-6FE7-4F36-BB4F-50C00079B8EE}.Release|Any CPU.Build.0 = Release|Any CPU
	EndGlobalSection
	GlobalSection(SolutionProperties) = preSolution
		HideSolutionNode = FALSE
	EndGlobalSection
	GlobalSection(ExtensibilityGlobals) = postSolution
		SolutionGuid = {0F76B429-9D67-4404-8361-211188F47F5C}
	EndGlobalSection
EndGlobal
